
Microsoft Visual Studio Solution File, Format Version 12.00
# Visual Studio Version 16
VisualStudioVersion = 16.0.810.16
MinimumVisualStudioVersion = 10.0.40219.1
Project("{FAE04EC0-301F-11D3-BF4B-00C04F79EFBC}") = "IdentityProvider", "IdentityProvider\IdentityProvider.csproj", "{F21F0110-B592-4038-925B-CBDD5054D567}"
EndProject
Project("{FAE04EC0-301F-11D3-BF4B-00C04F79EFBC}") = "Module", "Module\Module.csproj", "{3113692B-ADF5-4550-8A78-1F29079BAB0D}"
EndProject
Project("{FAE04EC0-301F-11D3-BF4B-00C04F79EFBC}") = "ServiceProvider", "ServiceProvider\ServiceProvider.csproj", "{3E61AC57-4222-4AB5-9E3B-AFFA02EE9079}"
EndProject
Project("{E53339B2-1760-4266-BCC7-CA923CBCF16C}") = "docker-compose", "docker-compose.dcproj", "{0DA7B2CB-3C86-4042-8685-886C40D674FA}"
EndProject
Global
	GlobalSection(SolutionConfigurationPlatforms) = preSolution
		Debug|Any CPU = Debug|Any CPU
		Release|Any CPU = Release|Any CPU
	EndGlobalSection
	GlobalSection(ProjectConfigurationPlatforms) = postSolution
		{F21F0110-B592-4038-925B-CBDD5054D567}.Debug|Any CPU.ActiveCfg = Debug|Any CPU
		{F21F0110-B592-4038-925B-CBDD5054D567}.Debug|Any CPU.Build.0 = Debug|Any CPU
		{F21F0110-B592-4038-925B-CBDD5054D567}.Release|Any CPU.ActiveCfg = Release|Any CPU
		{F21F0110-B592-4038-925B-CBDD5054D567}.Release|Any CPU.Build.0 = Release|Any CPU
		{3113692B-ADF5-4550-8A78-1F29079BAB0D}.Debug|Any CPU.ActiveCfg = Debug|Any CPU
		{3113692B-ADF5-4550-8A78-1F29079BAB0D}.Debug|Any CPU.Build.0 = Debug|Any CPU
		{3113692B-ADF5-4550-8A78-1F29079BAB0D}.Release|Any CPU.ActiveCfg = Release|Any CPU
		{3113692B-ADF5-4550-8A78-1F29079BAB0D}.Release|Any CPU.Build.0 = Release|Any CPU
		{3E61AC57-4222-4AB5-9E3B-AFFA02EE9079}.Debug|Any CPU.ActiveCfg = Debug|Any CPU
		{3E61AC57-4222-4AB5-9E3B-AFFA02EE9079}.Debug|Any CPU.Build.0 = Debug|Any CPU
		{3E61AC57-4222-4AB5-9E3B-AFFA02EE9079}.Release|Any CPU.ActiveCfg = Release|Any CPU
		{3E61AC57-4222-4AB5-9E3B-AFFA02EE9079}.Release|Any CPU.Build.0 = Release|Any CPU
		{0DA7B2CB-3C86-4042-8685-886C40D674FA}.Debug|Any CPU.ActiveCfg = Debug|Any CPU
		{0DA7B2CB-3C86-4042-8685-886C40D674FA}.Debug|Any CPU.Build.0 = Debug|Any CPU
		{0DA7B2CB-3C86-4042-8685-886C40D674FA}.Release|Any CPU.ActiveCfg = Release|Any CPU
		{0DA7B2CB-3C86-4042-8685-886C40D674FA}.Release|Any CPU.Build.0 = Release|Any CPU
	EndGlobalSection
	GlobalSection(SolutionProperties) = preSolution
		HideSolutionNode = FALSE
	EndGlobalSection
	GlobalSection(ExtensibilityGlobals) = postSolution
		SolutionGuid = {AD21B873-A41F-40FA-8039-595922EA1EB0}
	EndGlobalSection
EndGlobal
